// !$*UTF8*$!
{
	archiveVersion = 1;
	classes = {
	};
	objectVersion = 50;
	objects = {

/* Begin PBXBuildFile section */
		05317C11256531260017F341 /* cup_saucer_set.usdz in Resources */ = {isa = PBXBuildFile; fileRef = 05317C0B256531260017F341 /* cup_saucer_set.usdz */; };
		05317C12256531260017F341 /* gramophone.usdz in Resources */ = {isa = PBXBuildFile; fileRef = 05317C0C256531260017F341 /* gramophone.usdz */; };
		05317C13256531260017F341 /* teapot.usdz in Resources */ = {isa = PBXBuildFile; fileRef = 05317C0D256531260017F341 /* teapot.usdz */; };
		05317C14256531260017F341 /* toy_robot_vintage.usdz in Resources */ = {isa = PBXBuildFile; fileRef = 05317C0E256531260017F341 /* toy_robot_vintage.usdz */; };
		05317C15256531260017F341 /* tv_retro.usdz in Resources */ = {isa = PBXBuildFile; fileRef = 05317C0F256531260017F341 /* tv_retro.usdz */; };
		05317C16256531260017F341 /* fender_stratocaster.usdz in Resources */ = {isa = PBXBuildFile; fileRef = 05317C10256531260017F341 /* fender_stratocaster.usdz */; };
		05F55EFE255EA3AD004B0908 /* AppDelegate.swift in Sources */ = {isa = PBXBuildFile; fileRef = 05F55EFD255EA3AD004B0908 /* AppDelegate.swift */; };
		05F55F00255EA3AD004B0908 /* ViewController.swift in Sources */ = {isa = PBXBuildFile; fileRef = 05F55EFF255EA3AD004B0908 /* ViewController.swift */; };
		05F55F05255EA3AD004B0908 /* Main.storyboard in Resources */ = {isa = PBXBuildFile; fileRef = 05F55F03255EA3AD004B0908 /* Main.storyboard */; };
		05F55F07255EA3AE004B0908 /* Assets.xcassets in Resources */ = {isa = PBXBuildFile; fileRef = 05F55F06255EA3AE004B0908 /* Assets.xcassets */; };
		05F55F0A255EA3AE004B0908 /* LaunchScreen.storyboard in Resources */ = {isa = PBXBuildFile; fileRef = 05F55F08255EA3AE004B0908 /* LaunchScreen.storyboard */; };
/* End PBXBuildFile section */

/* Begin PBXFileReference section */
		05317C0B256531260017F341 /* cup_saucer_set.usdz */ = {isa = PBXFileReference; lastKnownFileType = file.usdz; path = cup_saucer_set.usdz; sourceTree = "<group>"; };
		05317C0C256531260017F341 /* gramophone.usdz */ = {isa = PBXFileReference; lastKnownFileType = file.usdz; path = gramophone.usdz; sourceTree = "<group>"; };
		05317C0D256531260017F341 /* teapot.usdz */ = {isa = PBXFileReference; lastKnownFileType = file.usdz; path = teapot.usdz; sourceTree = "<group>"; };
		05317C0E256531260017F341 /* toy_robot_vintage.usdz */ = {isa = PBXFileReference; lastKnownFileType = file.usdz; path = toy_robot_vintage.usdz; sourceTree = "<group>"; };
		05317C0F256531260017F341 /* tv_retro.usdz */ = {isa = PBXFileReference; lastKnownFileType = file.usdz; path = tv_retro.usdz; sourceTree = "<group>"; };
		05317C10256531260017F341 /* fender_stratocaster.usdz */ = {isa = PBXFileReference; lastKnownFileType = file.usdz; path = fender_stratocaster.usdz; sourceTree = "<group>"; };
		05F55EFA255EA3AD004B0908 /* ARMemoryGame.app */ = {isa = PBXFileReference; explicitFileType = wrapper.application; includeInIndex = 0; path = ARMemoryGame.app; sourceTree = BUILT_PRODUCTS_DIR; };
		05F55EFD255EA3AD004B0908 /* AppDelegate.swift */ = {isa = PBXFileReference; lastKnownFileType = sourcecode.swift; path = AppDelegate.swift; sourceTree = "<group>"; };
		05F55EFF255EA3AD004B0908 /* ViewController.swift */ = {isa = PBXFileReference; lastKnownFileType = sourcecode.swift; path = ViewController.swift; sourceTree = "<group>"; };
		05F55F04255EA3AD004B0908 /* Base */ = {isa = PBXFileReference; lastKnownFileType = file.storyboard; name = Base; path = Base.lproj/Main.storyboard; sourceTree = "<group>"; };
		05F55F06255EA3AE004B0908 /* Assets.xcassets */ = {isa = PBXFileReference; lastKnownFileType = folder.assetcatalog; path = Assets.xcassets; sourceTree = "<group>"; };
		05F55F09255EA3AE004B0908 /* Base */ = {isa = PBXFileReference; lastKnownFileType = file.storyboard; name = Base; path = Base.lproj/LaunchScreen.storyboard; sourceTree = "<group>"; };
		05F55F0B255EA3AE004B0908 /* Info.plist */ = {isa = PBXFileReference; lastKnownFileType = text.plist.xml; path = Info.plist; sourceTree = "<group>"; };
/* End PBXFileReference section */

/* Begin PBXFrameworksBuildPhase section */
		05F55EF7255EA3AD004B0908 /* Frameworks */ = {
			isa = PBXFrameworksBuildPhase;
			buildActionMask = 2147483647;
			files = (
			);
			runOnlyForDeploymentPostprocessing = 0;
		};
/* End PBXFrameworksBuildPhase section */

/* Begin PBXGroup section */
		05F55EF1255EA3AD004B0908 = {
			isa = PBXGroup;
			children = (
				05F55EFC255EA3AD004B0908 /* ARMemoryGame */,
				05F55EFB255EA3AD004B0908 /* Products */,
			);
			sourceTree = "<group>";
		};
		05F55EFB255EA3AD004B0908 /* Products */ = {
			isa = PBXGroup;
			children = (
				05F55EFA255EA3AD004B0908 /* ARMemoryGame.app */,
			);
			name = Products;
			sourceTree = "<group>";
		};
		05F55EFC255EA3AD004B0908 /* ARMemoryGame */ = {
			isa = PBXGroup;
			children = (
				05F55EFD255EA3AD004B0908 /* AppDelegate.swift */,
				05F55EFF255EA3AD004B0908 /* ViewController.swift */,
				05F55F03255EA3AD004B0908 /* Main.storyboard */,
				05317C0B256531260017F341 /* cup_saucer_set.usdz */,
				05317C10256531260017F341 /* fender_stratocaster.usdz */,
				05317C0C256531260017F341 /* gramophone.usdz */,
				05317C0D256531260017F341 /* teapot.usdz */,
				05317C0E256531260017F341 /* toy_robot_vintage.usdz */,
				05317C0F256531260017F341 /* tv_retro.usdz */,
				05F55F06255EA3AE004B0908 /* Assets.xcassets */,
				05F55F08255EA3AE004B0908 /* LaunchScreen.storyboard */,
				05F55F0B255EA3AE004B0908 /* Info.plist */,
			);
			path = ARMemoryGame;
			sourceTree = "<group>";
		};
/* End PBXGroup section */

/* Begin PBXNativeTarget section */
		05F55EF9255EA3AD004B0908 /* ARMemoryGame */ = {
			isa = PBXNativeTarget;
			buildConfigurationList = 05F55F0E255EA3AE004B0908 /* Build configuration list for PBXNativeTarget "ARMemoryGame" */;
			buildPhases = (
				05F55EF6255EA3AD004B0908 /* Sources */,
				05F55EF7255EA3AD004B0908 /* Frameworks */,
				05F55EF8255EA3AD004B0908 /* Resources */,
			);
			buildRules = (
			);
			dependencies = (
			);
			name = ARMemoryGame;
			productName = ARMemoryGame;
			productReference = 05F55EFA255EA3AD004B0908 /* ARMemoryGame.app */;
			productType = "com.apple.product-type.application";
		};
/* End PBXNativeTarget section */

/* Begin PBXProject section */
		05F55EF2255EA3AD004B0908 /* Project object */ = {
			isa = PBXProject;
			attributes = {
				LastSwiftUpdateCheck = 1220;
				LastUpgradeCheck = 1220;
				TargetAttributes = {
					05F55EF9255EA3AD004B0908 = {
						CreatedOnToolsVersion = 12.2;
					};
				};
			};
			buildConfigurationList = 05F55EF5255EA3AD004B0908 /* Build configuration list for PBXProject "ARMemoryGame" */;
			compatibilityVersion = "Xcode 9.3";
			developmentRegion = en;
			hasScannedForEncodings = 0;
			knownRegions = (
				en,
				Base,
			);
			mainGroup = 05F55EF1255EA3AD004B0908;
			productRefGroup = 05F55EFB255EA3AD004B0908 /* Products */;
			projectDirPath = "";
			projectRoot = "";
			targets = (
				05F55EF9255EA3AD004B0908 /* ARMemoryGame */,
			);
		};
/* End PBXProject section */

/* Begin PBXResourcesBuildPhase section */
		05F55EF8255EA3AD004B0908 /* Resources */ = {
			isa = PBXResourcesBuildPhase;
			buildActionMask = 2147483647;
			files = (
				05317C13256531260017F341 /* teapot.usdz in Resources */,
				05317C11256531260017F341 /* cup_saucer_set.usdz in Resources */,
				05317C16256531260017F341 /* fender_stratocaster.usdz in Resources */,
				05F55F0A255EA3AE004B0908 /* LaunchScreen.storyboard in Resources */,
				05F55F07255EA3AE004B0908 /* Assets.xcassets in Resources */,
				05F55F05255EA3AD004B0908 /* Main.storyboard in Resources */,
				05317C12256531260017F341 /* gramophone.usdz in Resources */,
				05317C15256531260017F341 /* tv_retro.usdz in Resources */,
				05317C14256531260017F341 /* toy_robot_vintage.usdz in Resources */,
			);
			runOnlyForDeploymentPostprocessing = 0;
		};
/* End PBXResourcesBuildPhase section */

/* Begin PBXSourcesBuildPhase section */
		05F55EF6255EA3AD004B0908 /* Sources */ = {
			isa = PBXSourcesBuildPhase;
			buildActionMask = 2147483647;
			files = (
				05F55F00255EA3AD004B0908 /* ViewController.swift in Sources */,
				05F55EFE255EA3AD004B0908 /* AppDelegate.swift in Sources */,
			);
			runOnlyForDeploymentPostprocessing = 0;
		};
/* End PBXSourcesBuildPhase section */

/* Begin PBXVariantGroup section */
		05F55F03255EA3AD004B0908 /* Main.storyboard */ = {
			isa = PBXVariantGroup;
			children = (
				05F55F04255EA3AD004B0908 /* Base */,
			);
			name = Main.storyboard;
			sourceTree = "<group>";
		};
		05F55F08255EA3AE004B0908 /* LaunchScreen.storyboard */ = {
			isa = PBXVariantGroup;
			children = (
				05F55F09255EA3AE004B0908 /* Base */,
			);
			name = LaunchScreen.storyboard;
			sourceTree = "<group>";
		};
/* End PBXVariantGroup section */

/* Begin XCBuildConfiguration section */
		05F55F0C255EA3AE004B0908 /* Debug */ = {
			isa = XCBuildConfiguration;
			buildSettings = {
				ALWAYS_SEARCH_USER_PATHS = NO;
				CLANG_ANALYZER_NONNULL = YES;
				CLANG_ANALYZER_NUMBER_OBJECT_CONVERSION = YES_AGGRESSIVE;
				CLANG_CXX_LANGUAGE_STANDARD = "gnu++14";
				CLANG_CXX_LIBRARY = "libc++";
				CLANG_ENABLE_MODULES = YES;
				CLANG_ENABLE_OBJC_ARC = YES;
				CLANG_ENABLE_OBJC_WEAK = YES;
				CLANG_WARN_BLOCK_CAPTURE_AUTORELEASING = YES;
				CLANG_WARN_BOOL_CONVERSION = YES;
				CLANG_WARN_COMMA = YES;
				CLANG_WARN_CONSTANT_CONVERSION = YES;
				CLANG_WARN_DEPRECATED_OBJC_IMPLEMENTATIONS = YES;
				CLANG_WARN_DIRECT_OBJC_ISA_USAGE = YES_ERROR;
				CLANG_WARN_DOCUMENTATION_COMMENTS = YES;
				CLANG_WARN_EMPTY_BODY = YES;
				CLANG_WARN_ENUM_CONVERSION = YES;
				CLANG_WARN_INFINITE_RECURSION = YES;
				CLANG_WARN_INT_CONVERSION = YES;
				CLANG_WARN_NON_LITERAL_NULL_CONVERSION = YES;
				CLANG_WARN_OBJC_IMPLICIT_RETAIN_SELF = YES;
				CLANG_WARN_OBJC_LITERAL_CONVERSION = YES;
				CLANG_WARN_OBJC_ROOT_CLASS = YES_ERROR;
				CLANG_WARN_QUOTED_INCLUDE_IN_FRAMEWORK_HEADER = YES;
				CLANG_WARN_RANGE_LOOP_ANALYSIS = YES;
				CLANG_WARN_STRICT_PROTOTYPES = YES;
				CLANG_WARN_SUSPICIOUS_MOVE = YES;
				CLANG_WARN_UNGUARDED_AVAILABILITY = YES_AGGRESSIVE;
				CLANG_WARN_UNREACHABLE_CODE = YES;
				CLANG_WARN__DUPLICATE_METHOD_MATCH = YES;
				COPY_PHASE_STRIP = NO;
				DEBUG_INFORMATION_FORMAT = dwarf;
				ENABLE_STRICT_OBJC_MSGSEND = YES;
				ENABLE_TESTABILITY = YES;
				GCC_C_LANGUAGE_STANDARD = gnu11;
				GCC_DYNAMIC_NO_PIC = NO;
				GCC_NO_COMMON_BLOCKS = YES;
				GCC_OPTIMIZATION_LEVEL = 0;
				GCC_PREPROCESSOR_DEFINITIONS = (
					"DEBUG=1",
					"$(inherited)",
				);
				GCC_WARN_64_TO_32_BIT_CONVERSION = YES;
				GCC_WARN_ABOUT_RETURN_TYPE = YES_ERROR;
				GCC_WARN_UNDECLARED_SELECTOR = YES;
				GCC_WARN_UNINITIALIZED_AUTOS = YES_AGGRESSIVE;
				GCC_WARN_UNUSED_FUNCTION = YES;
				GCC_WARN_UNUSED_VARIABLE = YES;
				IPHONEOS_DEPLOYMENT_TARGET = 13.6;
				MTL_ENABLE_DEBUG_INFO = INCLUDE_SOURCE;
				MTL_FAST_MATH = YES;
				ONLY_ACTIVE_ARCH = YES;
				SDKROOT = iphoneos;
				SWIFT_ACTIVE_COMPILATION_CONDITIONS = DEBUG;
				SWIFT_OPTIMIZATION_LEVEL = "-Onone";
			};
			name = Debug;
		};
		05F55F0D255EA3AE004B0908 /* Release */ = {
			isa = XCBuildConfiguration;
			buildSettings = {
				ALWAYS_SEARCH_USER_PATHS = NO;
				CLANG_ANALYZER_NONNULL = YES;
				CLANG_ANALYZER_NUMBER_OBJECT_CONVERSION = YES_AGGRESSIVE;
				CLANG_CXX_LANGUAGE_STANDARD = "gnu++14";
				CLANG_CXX_LIBRARY = "libc++";
				CLANG_ENABLE_MODULES = YES;
				CLANG_ENABLE_OBJC_ARC = YES;
				CLANG_ENABLE_OBJC_WEAK = YES;
				CLANG_WARN_BLOCK_CAPTURE_AUTORELEASING = YES;
				CLANG_WARN_BOOL_CONVERSION = YES;
				CLANG_WARN_COMMA = YES;
				CLANG_WARN_CONSTANT_CONVERSION = YES;
				CLANG_WARN_DEPRECATED_OBJC_IMPLEMENTATIONS = YES;
				CLANG_WARN_DIRECT_OBJC_ISA_USAGE = YES_ERROR;
				CLANG_WARN_DOCUMENTATION_COMMENTS = YES;
				CLANG_WARN_EMPTY_BODY = YES;
				CLANG_WARN_ENUM_CONVERSION = YES;
				CLANG_WARN_INFINITE_RECURSION = YES;
				CLANG_WARN_INT_CONVERSION = YES;
				CLANG_WARN_NON_LITERAL_NULL_CONVERSION = YES;
				CLANG_WARN_OBJC_IMPLICIT_RETAIN_SELF = YES;
				CLANG_WARN_OBJC_LITERAL_CONVERSION = YES;
				CLANG_WARN_OBJC_ROOT_CLASS = YES_ERROR;
				CLANG_WARN_QUOTED_INCLUDE_IN_FRAMEWORK_HEADER = YES;
				CLANG_WARN_RANGE_LOOP_ANALYSIS = YES;
				CLANG_WARN_STRICT_PROTOTYPES = YES;
				CLANG_WARN_SUSPICIOUS_MOVE = YES;
				CLANG_WARN_UNGUARDED_AVAILABILITY = YES_AGGRESSIVE;
				CLANG_WARN_UNREACHABLE_CODE = YES;
				CLANG_WARN__DUPLICATE_METHOD_MATCH = YES;
				COPY_PHASE_STRIP = NO;
				DEBUG_INFORMATION_FORMAT = "dwarf-with-dsym";
				ENABLE_NS_ASSERTIONS = NO;
				ENABLE_STRICT_OBJC_MSGSEND = YES;
				GCC_C_LANGUAGE_STANDARD = gnu11;
				GCC_NO_COMMON_BLOCKS = YES;
				GCC_WARN_64_TO_32_BIT_CONVERSION = YES;
				GCC_WARN_ABOUT_RETURN_TYPE = YES_ERROR;
				GCC_WARN_UNDECLARED_SELECTOR = YES;
				GCC_WARN_UNINITIALIZED_AUTOS = YES_AGGRESSIVE;
				GCC_WARN_UNUSED_FUNCTION = YES;
				GCC_WARN_UNUSED_VARIABLE = YES;
				IPHONEOS_DEPLOYMENT_TARGET = 13.6;
				MTL_ENABLE_DEBUG_INFO = NO;
				MTL_FAST_MATH = YES;
				SDKROOT = iphoneos;
				SWIFT_COMPILATION_MODE = wholemodule;
				SWIFT_OPTIMIZATION_LEVEL = "-O";
				VALIDATE_PRODUCT = YES;
			};
			name = Release;
		};
		05F55F0F255EA3AE004B0908 /* Debug */ = {
			isa = XCBuildConfiguration;
			buildSettings = {
				ASSETCATALOG_COMPILER_APPICON_NAME = AppIcon;
				ASSETCATALOG_COMPILER_GLOBAL_ACCENT_COLOR_NAME = AccentColor;
				CODE_SIGN_STYLE = Automatic;
				DEVELOPMENT_TEAM = DRQEKYHAUF;
				INFOPLIST_FILE = ARMemoryGame/Info.plist;
				LD_RUNPATH_SEARCH_PATHS = (
					"$(inherited)",
					"@executable_path/Frameworks",
				);
				PRODUCT_BUNDLE_IDENTIFIER = com.initialstoryboard.ARMemoryGame;
				PRODUCT_NAME = "$(TARGET_NAME)";
				SWIFT_VERSION = 5.0;
				TARGETED_DEVICE_FAMILY = "1,2";
			};
			name = Debug;
		};
		05F55F10255EA3AE004B0908 /* Release */ = {
			isa = XCBuildConfiguration;
			buildSettings = {
				ASSETCATALOG_COMPILER_APPICON_NAME = AppIcon;
				ASSETCATALOG_COMPILER_GLOBAL_ACCENT_COLOR_NAME = AccentColor;
				CODE_SIGN_STYLE = Automatic;
				DEVELOPMENT_TEAM = DRQEKYHAUF;
				INFOPLIST_FILE = ARMemoryGame/Info.plist;
				LD_RUNPATH_SEARCH_PATHS = (
					"$(inherited)",
					"@executable_path/Frameworks",
				);
				PRODUCT_BUNDLE_IDENTIFIER = com.initialstoryboard.ARMemoryGame;
				PRODUCT_NAME = "$(TARGET_NAME)";
				SWIFT_VERSION = 5.0;
				TARGETED_DEVICE_FAMILY = "1,2";
			};
			name = Release;
		};
/* End XCBuildConfiguration section */

/* Begin XCConfigurationList section */
		05F55EF5255EA3AD004B0908 /* Build configuration list for PBXProject "ARMemoryGame" */ = {
			isa = XCConfigurationList;
			buildConfigurations = (
				05F55F0C255EA3AE004B0908 /* Debug */,
				05F55F0D255EA3AE004B0908 /* Release */,
			);
			defaultConfigurationIsVisible = 0;
			defaultConfigurationName = Release;
		};
		05F55F0E255EA3AE004B0908 /* Build configuration list for PBXNativeTarget "ARMemoryGame" */ = {
			isa = XCConfigurationList;
			buildConfigurations = (
				05F55F0F255EA3AE004B0908 /* Debug */,
				05F55F10255EA3AE004B0908 /* Release */,
			);
			defaultConfigurationIsVisible = 0;
			defaultConfigurationName = Release;
		};
/* End XCConfigurationList section */
	};
	rootObject = 05F55EF2255EA3AD004B0908 /* Project object */;
}
